
Microsoft Visual Studio Solution File, Format Version 12.00
# Visual Studio 15
VisualStudioVersion = 15.0.27004.2008
MinimumVisualStudioVersion = 10.0.40219.1
Project("{FAE04EC0-301F-11D3-BF4B-00C04F79EFBC}") = "Tarea", "Tarea\Tarea.csproj", "{D000F51A-3C2A-4B57-96AA-8C68D0533E7B}"
EndProject
Global
	GlobalSection(SolutionConfigurationPlatforms) = preSolution
		Debug|Any CPU = Debug|Any CPU
		Release|Any CPU = Release|Any CPU
	EndGlobalSection
	GlobalSection(ProjectConfigurationPlatforms) = postSolution
		{D000F51A-3C2A-4B57-96AA-8C68D0533E7B}.Debug|Any CPU.ActiveCfg = Debug|Any CPU
		{D000F51A-3C2A-4B57-96AA-8C68D0533E7B}.Debug|Any CPU.Build.0 = Debug|Any CPU
		{D000F51A-3C2A-4B57-96AA-8C68D0533E7B}.Release|Any CPU.ActiveCfg = Release|Any CPU
		{D000F51A-3C2A-4B57-96AA-8C68D0533E7B}.Release|Any CPU.Build.0 = Release|Any CPU
	EndGlobalSection
	GlobalSection(SolutionProperties) = preSolution
		HideSolutionNode = FALSE
	EndGlobalSection
	GlobalSection(ExtensibilityGlobals) = postSolution
		SolutionGuid = {81CA97C6-D323-434D-8D07-1C00A2B2AE56}
	EndGlobalSection
EndGlobal
